{
  "name": "node",
  "lockfileVersion": 2,
  "requires": true,
  "packages": {
    "": {
      "dependencies": {
        "consul": "^0.39.0",
        "consul-kv-monitor": "^2.0.3"
      }
    },
    "node_modules/consul": {
      "version": "0.39.0",
      "resolved": "https://registry.npmjs.org/consul/-/consul-0.39.0.tgz",
      "integrity": "sha512-FeEr+B+ADEGzoKonNkheKu0QbODdYKbY9TbWaxX9MHcdlmBuJWlIFMcD1JVrQpTrZEM+z+7AJBz+uw5MOD3giA==",
      "dependencies": {
        "papi": "^0.29.0"
      }
    },
    "node_modules/consul-kv-monitor": {
      "version": "2.0.3",
      "resolved": "https://registry.npmjs.org/consul-kv-monitor/-/consul-kv-monitor-2.0.3.tgz",
      "integrity": "sha512-7AV+G8+5BRHD4vSHY9CVIlEiNL4Gpqp/wy1ANfYCRUmIMnGqQ736hTHVwKiwbW7CCuUkiRU7nNxuory0cCU+Og==",
      "dependencies": {
        "deep-freeze": "0.0.1",
        "lodash": "^4.17.11"
      },
      "engines": {
        "node": ">=8.0"
      }
    },
    "node_modules/deep-freeze": {
      "version": "0.0.1",
      "resolved": "https://registry.npmjs.org/deep-freeze/-/deep-freeze-0.0.1.tgz",
      "integrity": "sha1-OgsABd4YZygZ39OM0x+RF5yJPoQ="
    },
    "node_modules/lodash": {
      "version": "4.17.20",
      "resolved": "https://registry.npmjs.org/lodash/-/lodash-4.17.20.tgz",
      "integrity": "sha512-PlhdFcillOINfeV7Ni6oF1TAEayyZBoZ8bcshTHqOYJYlrqzRK5hagpagky5o4HfCzzd1TRkXPMFq6cKk9rGmA=="
    },
    "node_modules/papi": {
      "version": "0.29.1",
      "resolved": "https://registry.npmjs.org/papi/-/papi-0.29.1.tgz",
      "integrity": "sha512-Y9ipSMfWuuVFO3zY9PlxOmEg+bQ7CeJ28sa9/a0veYNynLf9fwjR3+3fld5otEy7okUaEOUuCHVH62MyTmACXQ=="
    }
  },
  "dependencies": {
    "consul": {
      "version": "0.39.0",
      "resolved": "https://registry.npmjs.org/consul/-/consul-0.39.0.tgz",
      "integrity": "sha512-FeEr+B+ADEGzoKonNkheKu0QbODdYKbY9TbWaxX9MHcdlmBuJWlIFMcD1JVrQpTrZEM+z+7AJBz+uw5MOD3giA==",
      "requires": {
        "papi": "^0.29.0"
      }
    },
    "consul-kv-monitor": {
      "version": "2.0.3",
      "resolved": "https://registry.npmjs.org/consul-kv-monitor/-/consul-kv-monitor-2.0.3.tgz",
      "integrity": "sha512-7AV+G8+5BRHD4vSHY9CVIlEiNL4Gpqp/wy1ANfYCRUmIMnGqQ736hTHVwKiwbW7CCuUkiRU7nNxuory0cCU+Og==",
      "requires": {
        "deep-freeze": "0.0.1",
        "lodash": "^4.17.11"
      }
    },
    "deep-freeze": {
      "version": "0.0.1",
      "resolved": "https://registry.npmjs.org/deep-freeze/-/deep-freeze-0.0.1.tgz",
      "integrity": "sha1-OgsABd4YZygZ39OM0x+RF5yJPoQ="
    },
    "lodash": {
      "version": "4.17.20",
      "resolved": "https://registry.npmjs.org/lodash/-/lodash-4.17.20.tgz",
      "integrity": "sha512-PlhdFcillOINfeV7Ni6oF1TAEayyZBoZ8bcshTHqOYJYlrqzRK5hagpagky5o4HfCzzd1TRkXPMFq6cKk9rGmA=="
    },
    "papi": {
      "version": "0.29.1",
      "resolved": "https://registry.npmjs.org/papi/-/papi-0.29.1.tgz",
      "integrity": "sha512-Y9ipSMfWuuVFO3zY9PlxOmEg+bQ7CeJ28sa9/a0veYNynLf9fwjR3+3fld5otEy7okUaEOUuCHVH62MyTmACXQ=="
    }
  }
}
